// !$*UTF8*$!
{
	archiveVersion = 1;
	classes = {
	};
	objectVersion = 55;
	objects = {

/* Begin PBXBuildFile section */
		6687E5C52856EB1AE62ACC29 /* Pods_DeepForest_DeepForestUITests.framework in Frameworks */ = {isa = PBXBuildFile; fileRef = 0311E21F905FA355B04039F8 /* Pods_DeepForest_DeepForestUITests.framework */; };
		7BF3FA3E288EE1560072218E /* AppDelegate.swift in Sources */ = {isa = PBXBuildFile; fileRef = 7BF3FA3D288EE1560072218E /* AppDelegate.swift */; };
		7BF3FA40288EE1560072218E /* SceneDelegate.swift in Sources */ = {isa = PBXBuildFile; fileRef = 7BF3FA3F288EE1560072218E /* SceneDelegate.swift */; };
		7BF3FA42288EE1560072218E /* ViewController.swift in Sources */ = {isa = PBXBuildFile; fileRef = 7BF3FA41288EE1560072218E /* ViewController.swift */; };
		7BF3FA45288EE1560072218E /* Main.storyboard in Resources */ = {isa = PBXBuildFile; fileRef = 7BF3FA43288EE1560072218E /* Main.storyboard */; };
		7BF3FA47288EE1580072218E /* Assets.xcassets in Resources */ = {isa = PBXBuildFile; fileRef = 7BF3FA46288EE1580072218E /* Assets.xcassets */; };
		7BF3FA4A288EE1580072218E /* LaunchScreen.storyboard in Resources */ = {isa = PBXBuildFile; fileRef = 7BF3FA48288EE1580072218E /* LaunchScreen.storyboard */; };
		7BF3FA55288EE1580072218E /* DeepForestTests.swift in Sources */ = {isa = PBXBuildFile; fileRef = 7BF3FA54288EE1580072218E /* DeepForestTests.swift */; };
		7BF3FA5F288EE1580072218E /* DeepForestUITests.swift in Sources */ = {isa = PBXBuildFile; fileRef = 7BF3FA5E288EE1580072218E /* DeepForestUITests.swift */; };
		7BF3FA61288EE1580072218E /* DeepForestUITestsLaunchTests.swift in Sources */ = {isa = PBXBuildFile; fileRef = 7BF3FA60288EE1580072218E /* DeepForestUITestsLaunchTests.swift */; };
		7BF3FA78288EE34B0072218E /* Coordinator.swift in Sources */ = {isa = PBXBuildFile; fileRef = 7BF3FA77288EE34B0072218E /* Coordinator.swift */; };
		7BF3FA7B288EE37D0072218E /* CoordinatorFinishDelegate.swift in Sources */ = {isa = PBXBuildFile; fileRef = 7BF3FA7A288EE37D0072218E /* CoordinatorFinishDelegate.swift */; };
		7BF3FA7E288EE3FB0072218E /* CoordinatorType.swift in Sources */ = {isa = PBXBuildFile; fileRef = 7BF3FA7D288EE3FB0072218E /* CoordinatorType.swift */; };
		810ED21167C35A72BF881096 /* Pods_DeepForest.framework in Frameworks */ = {isa = PBXBuildFile; fileRef = 1EF4C7BB57D97D25073F916E /* Pods_DeepForest.framework */; };
		B66F7FBC1AE905AFC6C70373 /* Pods_DeepForestTests.framework in Frameworks */ = {isa = PBXBuildFile; fileRef = B33FD3E7ECC037B3CD331D59 /* Pods_DeepForestTests.framework */; };
/* End PBXBuildFile section */

/* Begin PBXContainerItemProxy section */
		7BF3FA51288EE1580072218E /* PBXContainerItemProxy */ = {
			isa = PBXContainerItemProxy;
			containerPortal = 7BF3FA32288EE1560072218E /* Project object */;
			proxyType = 1;
			remoteGlobalIDString = 7BF3FA39288EE1560072218E;
			remoteInfo = DeepForest;
		};
		7BF3FA5B288EE1580072218E /* PBXContainerItemProxy */ = {
			isa = PBXContainerItemProxy;
			containerPortal = 7BF3FA32288EE1560072218E /* Project object */;
			proxyType = 1;
			remoteGlobalIDString = 7BF3FA39288EE1560072218E;
			remoteInfo = DeepForest;
		};
/* End PBXContainerItemProxy section */

/* Begin PBXFileReference section */
		01AB852EB336DE6DCD39B1E6 /* Pods-DeepForest-DeepForestUITests.debug.xcconfig */ = {isa = PBXFileReference; includeInIndex = 1; lastKnownFileType = text.xcconfig; name = "Pods-DeepForest-DeepForestUITests.debug.xcconfig"; path = "Target Support Files/Pods-DeepForest-DeepForestUITests/Pods-DeepForest-DeepForestUITests.debug.xcconfig"; sourceTree = "<group>"; };
		0311E21F905FA355B04039F8 /* Pods_DeepForest_DeepForestUITests.framework */ = {isa = PBXFileReference; explicitFileType = wrapper.framework; includeInIndex = 0; path = Pods_DeepForest_DeepForestUITests.framework; sourceTree = BUILT_PRODUCTS_DIR; };
		1EF4C7BB57D97D25073F916E /* Pods_DeepForest.framework */ = {isa = PBXFileReference; explicitFileType = wrapper.framework; includeInIndex = 0; path = Pods_DeepForest.framework; sourceTree = BUILT_PRODUCTS_DIR; };
		56FC498921E52F4172D1E747 /* Pods-DeepForestTests.release.xcconfig */ = {isa = PBXFileReference; includeInIndex = 1; lastKnownFileType = text.xcconfig; name = "Pods-DeepForestTests.release.xcconfig"; path = "Target Support Files/Pods-DeepForestTests/Pods-DeepForestTests.release.xcconfig"; sourceTree = "<group>"; };
		7BF3FA3A288EE1560072218E /* DeepForest.app */ = {isa = PBXFileReference; explicitFileType = wrapper.application; includeInIndex = 0; path = DeepForest.app; sourceTree = BUILT_PRODUCTS_DIR; };
		7BF3FA3D288EE1560072218E /* AppDelegate.swift */ = {isa = PBXFileReference; lastKnownFileType = sourcecode.swift; path = AppDelegate.swift; sourceTree = "<group>"; };
		7BF3FA3F288EE1560072218E /* SceneDelegate.swift */ = {isa = PBXFileReference; lastKnownFileType = sourcecode.swift; path = SceneDelegate.swift; sourceTree = "<group>"; };
		7BF3FA41288EE1560072218E /* ViewController.swift */ = {isa = PBXFileReference; lastKnownFileType = sourcecode.swift; path = ViewController.swift; sourceTree = "<group>"; };
		7BF3FA44288EE1560072218E /* Base */ = {isa = PBXFileReference; lastKnownFileType = file.storyboard; name = Base; path = Base.lproj/Main.storyboard; sourceTree = "<group>"; };
		7BF3FA46288EE1580072218E /* Assets.xcassets */ = {isa = PBXFileReference; lastKnownFileType = folder.assetcatalog; path = Assets.xcassets; sourceTree = "<group>"; };
		7BF3FA49288EE1580072218E /* Base */ = {isa = PBXFileReference; lastKnownFileType = file.storyboard; name = Base; path = Base.lproj/LaunchScreen.storyboard; sourceTree = "<group>"; };
		7BF3FA4B288EE1580072218E /* Info.plist */ = {isa = PBXFileReference; lastKnownFileType = text.plist.xml; path = Info.plist; sourceTree = "<group>"; };
		7BF3FA50288EE1580072218E /* DeepForestTests.xctest */ = {isa = PBXFileReference; explicitFileType = wrapper.cfbundle; includeInIndex = 0; path = DeepForestTests.xctest; sourceTree = BUILT_PRODUCTS_DIR; };
		7BF3FA54288EE1580072218E /* DeepForestTests.swift */ = {isa = PBXFileReference; lastKnownFileType = sourcecode.swift; path = DeepForestTests.swift; sourceTree = "<group>"; };
		7BF3FA5A288EE1580072218E /* DeepForestUITests.xctest */ = {isa = PBXFileReference; explicitFileType = wrapper.cfbundle; includeInIndex = 0; path = DeepForestUITests.xctest; sourceTree = BUILT_PRODUCTS_DIR; };
		7BF3FA5E288EE1580072218E /* DeepForestUITests.swift */ = {isa = PBXFileReference; lastKnownFileType = sourcecode.swift; path = DeepForestUITests.swift; sourceTree = "<group>"; };
		7BF3FA60288EE1580072218E /* DeepForestUITestsLaunchTests.swift */ = {isa = PBXFileReference; lastKnownFileType = sourcecode.swift; path = DeepForestUITestsLaunchTests.swift; sourceTree = "<group>"; };
		7BF3FA77288EE34B0072218E /* Coordinator.swift */ = {isa = PBXFileReference; lastKnownFileType = sourcecode.swift; path = Coordinator.swift; sourceTree = "<group>"; };
		7BF3FA7A288EE37D0072218E /* CoordinatorFinishDelegate.swift */ = {isa = PBXFileReference; lastKnownFileType = sourcecode.swift; path = CoordinatorFinishDelegate.swift; sourceTree = "<group>"; };
		7BF3FA7D288EE3FB0072218E /* CoordinatorType.swift */ = {isa = PBXFileReference; lastKnownFileType = sourcecode.swift; path = CoordinatorType.swift; sourceTree = "<group>"; };
		8C3B43745C245CC6B4FBE927 /* Pods-DeepForestTests.debug.xcconfig */ = {isa = PBXFileReference; includeInIndex = 1; lastKnownFileType = text.xcconfig; name = "Pods-DeepForestTests.debug.xcconfig"; path = "Target Support Files/Pods-DeepForestTests/Pods-DeepForestTests.debug.xcconfig"; sourceTree = "<group>"; };
		9497D2946D01BE01A6C9B80A /* Pods-DeepForest.release.xcconfig */ = {isa = PBXFileReference; includeInIndex = 1; lastKnownFileType = text.xcconfig; name = "Pods-DeepForest.release.xcconfig"; path = "Target Support Files/Pods-DeepForest/Pods-DeepForest.release.xcconfig"; sourceTree = "<group>"; };
		A3C7E2DFC5C3049B68E1D661 /* Pods-DeepForest-DeepForestUITests.release.xcconfig */ = {isa = PBXFileReference; includeInIndex = 1; lastKnownFileType = text.xcconfig; name = "Pods-DeepForest-DeepForestUITests.release.xcconfig"; path = "Target Support Files/Pods-DeepForest-DeepForestUITests/Pods-DeepForest-DeepForestUITests.release.xcconfig"; sourceTree = "<group>"; };
		B33FD3E7ECC037B3CD331D59 /* Pods_DeepForestTests.framework */ = {isa = PBXFileReference; explicitFileType = wrapper.framework; includeInIndex = 0; path = Pods_DeepForestTests.framework; sourceTree = BUILT_PRODUCTS_DIR; };
		EEEF1FC71714DAF05ECB2401 /* Pods-DeepForest.debug.xcconfig */ = {isa = PBXFileReference; includeInIndex = 1; lastKnownFileType = text.xcconfig; name = "Pods-DeepForest.debug.xcconfig"; path = "Target Support Files/Pods-DeepForest/Pods-DeepForest.debug.xcconfig"; sourceTree = "<group>"; };
/* End PBXFileReference section */

/* Begin PBXFrameworksBuildPhase section */
		7BF3FA37288EE1560072218E /* Frameworks */ = {
			isa = PBXFrameworksBuildPhase;
			buildActionMask = 2147483647;
			files = (
				810ED21167C35A72BF881096 /* Pods_DeepForest.framework in Frameworks */,
			);
			runOnlyForDeploymentPostprocessing = 0;
		};
		7BF3FA4D288EE1580072218E /* Frameworks */ = {
			isa = PBXFrameworksBuildPhase;
			buildActionMask = 2147483647;
			files = (
				B66F7FBC1AE905AFC6C70373 /* Pods_DeepForestTests.framework in Frameworks */,
			);
			runOnlyForDeploymentPostprocessing = 0;
		};
		7BF3FA57288EE1580072218E /* Frameworks */ = {
			isa = PBXFrameworksBuildPhase;
			buildActionMask = 2147483647;
			files = (
				6687E5C52856EB1AE62ACC29 /* Pods_DeepForest_DeepForestUITests.framework in Frameworks */,
			);
			runOnlyForDeploymentPostprocessing = 0;
		};
/* End PBXFrameworksBuildPhase section */

/* Begin PBXGroup section */
		58AEF7E4D06A48C9FE3D4B12 /* Pods */ = {
			isa = PBXGroup;
			children = (
				EEEF1FC71714DAF05ECB2401 /* Pods-DeepForest.debug.xcconfig */,
				9497D2946D01BE01A6C9B80A /* Pods-DeepForest.release.xcconfig */,
				01AB852EB336DE6DCD39B1E6 /* Pods-DeepForest-DeepForestUITests.debug.xcconfig */,
				A3C7E2DFC5C3049B68E1D661 /* Pods-DeepForest-DeepForestUITests.release.xcconfig */,
				8C3B43745C245CC6B4FBE927 /* Pods-DeepForestTests.debug.xcconfig */,
				56FC498921E52F4172D1E747 /* Pods-DeepForestTests.release.xcconfig */,
			);
			path = Pods;
			sourceTree = "<group>";
		};
		7BF3FA31288EE1560072218E = {
			isa = PBXGroup;
			children = (
				7BF3FA3C288EE1560072218E /* DeepForest */,
				7BF3FA53288EE1580072218E /* DeepForestTests */,
				7BF3FA5D288EE1580072218E /* DeepForestUITests */,
				7BF3FA3B288EE1560072218E /* Products */,
				58AEF7E4D06A48C9FE3D4B12 /* Pods */,
				DA07D8B9198BA4042408DC58 /* Frameworks */,
			);
			sourceTree = "<group>";
		};
		7BF3FA3B288EE1560072218E /* Products */ = {
			isa = PBXGroup;
			children = (
				7BF3FA3A288EE1560072218E /* DeepForest.app */,
				7BF3FA50288EE1580072218E /* DeepForestTests.xctest */,
				7BF3FA5A288EE1580072218E /* DeepForestUITests.xctest */,
			);
			name = Products;
			sourceTree = "<group>";
		};
		7BF3FA3C288EE1560072218E /* DeepForest */ = {
			isa = PBXGroup;
			children = (
				7BF3FA6D288EE1D20072218E /* Util */,
				7BF3FA6E288EE1DA0072218E /* Resource */,
				7BF3FA6F288EE1E40072218E /* Domain */,
				7BF3FA70288EE1EA0072218E /* Presentation */,
				7BF3FA71288EE1F00072218E /* Data */,
				7BF3FA72288EE1F50072218E /* Network */,
				7BF3FA73288EE1FA0072218E /* Application */,
				7BF3FA41288EE1560072218E /* ViewController.swift */,
			);
			path = DeepForest;
			sourceTree = "<group>";
		};
		7BF3FA53288EE1580072218E /* DeepForestTests */ = {
			isa = PBXGroup;
			children = (
				7BF3FA54288EE1580072218E /* DeepForestTests.swift */,
			);
			path = DeepForestTests;
			sourceTree = "<group>";
		};
		7BF3FA5D288EE1580072218E /* DeepForestUITests */ = {
			isa = PBXGroup;
			children = (
				7BF3FA5E288EE1580072218E /* DeepForestUITests.swift */,
				7BF3FA60288EE1580072218E /* DeepForestUITestsLaunchTests.swift */,
			);
			path = DeepForestUITests;
			sourceTree = "<group>";
		};
		7BF3FA6D288EE1D20072218E /* Util */ = {
			isa = PBXGroup;
			children = (
				7BF3FA7C288EE3F00072218E /* Constant */,
			);
			path = Util;
			sourceTree = "<group>";
		};
		7BF3FA6E288EE1DA0072218E /* Resource */ = {
			isa = PBXGroup;
			children = (
				7BF3FA43288EE1560072218E /* Main.storyboard */,
				7BF3FA46288EE1580072218E /* Assets.xcassets */,
				7BF3FA48288EE1580072218E /* LaunchScreen.storyboard */,
				7BF3FA4B288EE1580072218E /* Info.plist */,
			);
			path = Resource;
			sourceTree = "<group>";
		};
		7BF3FA6F288EE1E40072218E /* Domain */ = {
			isa = PBXGroup;
			children = (
			);
			path = Domain;
			sourceTree = "<group>";
		};
		7BF3FA70288EE1EA0072218E /* Presentation */ = {
			isa = PBXGroup;
			children = (
				7BF3FA74288EE31B0072218E /* Common */,
			);
			path = Presentation;
			sourceTree = "<group>";
		};
		7BF3FA71288EE1F00072218E /* Data */ = {
			isa = PBXGroup;
			children = (
			);
			path = Data;
			sourceTree = "<group>";
		};
		7BF3FA72288EE1F50072218E /* Network */ = {
			isa = PBXGroup;
			children = (
			);
			path = Network;
			sourceTree = "<group>";
		};
		7BF3FA73288EE1FA0072218E /* Application */ = {
			isa = PBXGroup;
			children = (
				7BF3FA3D288EE1560072218E /* AppDelegate.swift */,
				7BF3FA3F288EE1560072218E /* SceneDelegate.swift */,
			);
			path = Application;
			sourceTree = "<group>";
		};
		7BF3FA74288EE31B0072218E /* Common */ = {
			isa = PBXGroup;
			children = (
				7BF3FA75288EE3360072218E /* Coordinator */,
			);
			path = Common;
			sourceTree = "<group>";
		};
		7BF3FA75288EE3360072218E /* Coordinator */ = {
			isa = PBXGroup;
			children = (
				7BF3FA76288EE33F0072218E /* Protocol */,
				7BF3FA79288EE36D0072218E /* Delegate */,
			);
			path = Coordinator;
			sourceTree = "<group>";
		};
		7BF3FA76288EE33F0072218E /* Protocol */ = {
			isa = PBXGroup;
			children = (
				7BF3FA77288EE34B0072218E /* Coordinator.swift */,
			);
			path = Protocol;
			sourceTree = "<group>";
		};
		7BF3FA79288EE36D0072218E /* Delegate */ = {
			isa = PBXGroup;
			children = (
				7BF3FA7A288EE37D0072218E /* CoordinatorFinishDelegate.swift */,
			);
			path = Delegate;
			sourceTree = "<group>";
		};
		7BF3FA7C288EE3F00072218E /* Constant */ = {
			isa = PBXGroup;
			children = (
				7BF3FA7D288EE3FB0072218E /* CoordinatorType.swift */,
			);
			path = Constant;
			sourceTree = "<group>";
		};
		DA07D8B9198BA4042408DC58 /* Frameworks */ = {
			isa = PBXGroup;
			children = (
				1EF4C7BB57D97D25073F916E /* Pods_DeepForest.framework */,
				0311E21F905FA355B04039F8 /* Pods_DeepForest_DeepForestUITests.framework */,
				B33FD3E7ECC037B3CD331D59 /* Pods_DeepForestTests.framework */,
			);
			name = Frameworks;
			sourceTree = "<group>";
		};
/* End PBXGroup section */

/* Begin PBXNativeTarget section */
		7BF3FA39288EE1560072218E /* DeepForest */ = {
			isa = PBXNativeTarget;
			buildConfigurationList = 7BF3FA64288EE1580072218E /* Build configuration list for PBXNativeTarget "DeepForest" */;
			buildPhases = (
				656372EAECDCE3C9177DDA2F /* [CP] Check Pods Manifest.lock */,
				7BF3FA36288EE1560072218E /* Sources */,
				7BF3FA37288EE1560072218E /* Frameworks */,
				7BF3FA38288EE1560072218E /* Resources */,
				41A323B8F9C29DC62F336471 /* [CP] Embed Pods Frameworks */,
			);
			buildRules = (
			);
			dependencies = (
			);
			name = DeepForest;
			productName = DeepForest;
			productReference = 7BF3FA3A288EE1560072218E /* DeepForest.app */;
			productType = "com.apple.product-type.application";
		};
		7BF3FA4F288EE1580072218E /* DeepForestTests */ = {
			isa = PBXNativeTarget;
			buildConfigurationList = 7BF3FA67288EE1580072218E /* Build configuration list for PBXNativeTarget "DeepForestTests" */;
			buildPhases = (
				883528A41ED6F3116A8896F0 /* [CP] Check Pods Manifest.lock */,
				7BF3FA4C288EE1580072218E /* Sources */,
				7BF3FA4D288EE1580072218E /* Frameworks */,
				7BF3FA4E288EE1580072218E /* Resources */,
			);
			buildRules = (
			);
			dependencies = (
				7BF3FA52288EE1580072218E /* PBXTargetDependency */,
			);
			name = DeepForestTests;
			productName = DeepForestTests;
			productReference = 7BF3FA50288EE1580072218E /* DeepForestTests.xctest */;
			productType = "com.apple.product-type.bundle.unit-test";
		};
		7BF3FA59288EE1580072218E /* DeepForestUITests */ = {
			isa = PBXNativeTarget;
			buildConfigurationList = 7BF3FA6A288EE1580072218E /* Build configuration list for PBXNativeTarget "DeepForestUITests" */;
			buildPhases = (
				3606EC5BECB41C618C2BFD56 /* [CP] Check Pods Manifest.lock */,
				7BF3FA56288EE1580072218E /* Sources */,
				7BF3FA57288EE1580072218E /* Frameworks */,
				7BF3FA58288EE1580072218E /* Resources */,
				74EA35CB98E80E5A89B4AE9F /* [CP] Embed Pods Frameworks */,
			);
			buildRules = (
			);
			dependencies = (
				7BF3FA5C288EE1580072218E /* PBXTargetDependency */,
			);
			name = DeepForestUITests;
			productName = DeepForestUITests;
			productReference = 7BF3FA5A288EE1580072218E /* DeepForestUITests.xctest */;
			productType = "com.apple.product-type.bundle.ui-testing";
		};
/* End PBXNativeTarget section */

/* Begin PBXProject section */
		7BF3FA32288EE1560072218E /* Project object */ = {
			isa = PBXProject;
			attributes = {
				BuildIndependentTargetsInParallel = 1;
				LastSwiftUpdateCheck = 1340;
				LastUpgradeCheck = 1340;
				TargetAttributes = {
					7BF3FA39288EE1560072218E = {
						CreatedOnToolsVersion = 13.4.1;
					};
					7BF3FA4F288EE1580072218E = {
						CreatedOnToolsVersion = 13.4.1;
						TestTargetID = 7BF3FA39288EE1560072218E;
					};
					7BF3FA59288EE1580072218E = {
						CreatedOnToolsVersion = 13.4.1;
						TestTargetID = 7BF3FA39288EE1560072218E;
					};
				};
			};
			buildConfigurationList = 7BF3FA35288EE1560072218E /* Build configuration list for PBXProject "DeepForest" */;
			compatibilityVersion = "Xcode 13.0";
			developmentRegion = en;
			hasScannedForEncodings = 0;
			knownRegions = (
				en,
				Base,
			);
			mainGroup = 7BF3FA31288EE1560072218E;
			productRefGroup = 7BF3FA3B288EE1560072218E /* Products */;
			projectDirPath = "";
			projectRoot = "";
			targets = (
				7BF3FA39288EE1560072218E /* DeepForest */,
				7BF3FA4F288EE1580072218E /* DeepForestTests */,
				7BF3FA59288EE1580072218E /* DeepForestUITests */,
			);
		};
/* End PBXProject section */

/* Begin PBXResourcesBuildPhase section */
		7BF3FA38288EE1560072218E /* Resources */ = {
			isa = PBXResourcesBuildPhase;
			buildActionMask = 2147483647;
			files = (
				7BF3FA4A288EE1580072218E /* LaunchScreen.storyboard in Resources */,
				7BF3FA47288EE1580072218E /* Assets.xcassets in Resources */,
				7BF3FA45288EE1560072218E /* Main.storyboard in Resources */,
			);
			runOnlyForDeploymentPostprocessing = 0;
		};
		7BF3FA4E288EE1580072218E /* Resources */ = {
			isa = PBXResourcesBuildPhase;
			buildActionMask = 2147483647;
			files = (
			);
			runOnlyForDeploymentPostprocessing = 0;
		};
		7BF3FA58288EE1580072218E /* Resources */ = {
			isa = PBXResourcesBuildPhase;
			buildActionMask = 2147483647;
			files = (
			);
			runOnlyForDeploymentPostprocessing = 0;
		};
/* End PBXResourcesBuildPhase section */

/* Begin PBXShellScriptBuildPhase section */
		3606EC5BECB41C618C2BFD56 /* [CP] Check Pods Manifest.lock */ = {
			isa = PBXShellScriptBuildPhase;
			buildActionMask = 2147483647;
			files = (
			);
			inputFileListPaths = (
			);
			inputPaths = (
				"${PODS_PODFILE_DIR_PATH}/Podfile.lock",
				"${PODS_ROOT}/Manifest.lock",
			);
			name = "[CP] Check Pods Manifest.lock";
			outputFileListPaths = (
			);
			outputPaths = (
				"$(DERIVED_FILE_DIR)/Pods-DeepForest-DeepForestUITests-checkManifestLockResult.txt",
			);
			runOnlyForDeploymentPostprocessing = 0;
			shellPath = /bin/sh;
			shellScript = "diff \"${PODS_PODFILE_DIR_PATH}/Podfile.lock\" \"${PODS_ROOT}/Manifest.lock\" > /dev/null\nif [ $? != 0 ] ; then\n    # print error to STDERR\n    echo \"error: The sandbox is not in sync with the Podfile.lock. Run 'pod install' or update your CocoaPods installation.\" >&2\n    exit 1\nfi\n# This output is used by Xcode 'outputs' to avoid re-running this script phase.\necho \"SUCCESS\" > \"${SCRIPT_OUTPUT_FILE_0}\"\n";
			showEnvVarsInLog = 0;
		};
		41A323B8F9C29DC62F336471 /* [CP] Embed Pods Frameworks */ = {
			isa = PBXShellScriptBuildPhase;
			buildActionMask = 2147483647;
			files = (
			);
			inputFileListPaths = (
				"${PODS_ROOT}/Target Support Files/Pods-DeepForest/Pods-DeepForest-frameworks-${CONFIGURATION}-input-files.xcfilelist",
			);
			name = "[CP] Embed Pods Frameworks";
			outputFileListPaths = (
				"${PODS_ROOT}/Target Support Files/Pods-DeepForest/Pods-DeepForest-frameworks-${CONFIGURATION}-output-files.xcfilelist",
			);
			runOnlyForDeploymentPostprocessing = 0;
			shellPath = /bin/sh;
			shellScript = "\"${PODS_ROOT}/Target Support Files/Pods-DeepForest/Pods-DeepForest-frameworks.sh\"\n";
			showEnvVarsInLog = 0;
		};
		656372EAECDCE3C9177DDA2F /* [CP] Check Pods Manifest.lock */ = {
			isa = PBXShellScriptBuildPhase;
			buildActionMask = 2147483647;
			files = (
			);
			inputFileListPaths = (
			);
			inputPaths = (
				"${PODS_PODFILE_DIR_PATH}/Podfile.lock",
				"${PODS_ROOT}/Manifest.lock",
			);
			name = "[CP] Check Pods Manifest.lock";
			outputFileListPaths = (
			);
			outputPaths = (
				"$(DERIVED_FILE_DIR)/Pods-DeepForest-checkManifestLockResult.txt",
			);
			runOnlyForDeploymentPostprocessing = 0;
			shellPath = /bin/sh;
			shellScript = "diff \"${PODS_PODFILE_DIR_PATH}/Podfile.lock\" \"${PODS_ROOT}/Manifest.lock\" > /dev/null\nif [ $? != 0 ] ; then\n    # print error to STDERR\n    echo \"error: The sandbox is not in sync with the Podfile.lock. Run 'pod install' or update your CocoaPods installation.\" >&2\n    exit 1\nfi\n# This output is used by Xcode 'outputs' to avoid re-running this script phase.\necho \"SUCCESS\" > \"${SCRIPT_OUTPUT_FILE_0}\"\n";
			showEnvVarsInLog = 0;
		};
		74EA35CB98E80E5A89B4AE9F /* [CP] Embed Pods Frameworks */ = {
			isa = PBXShellScriptBuildPhase;
			buildActionMask = 2147483647;
			files = (
			);
			inputFileListPaths = (
				"${PODS_ROOT}/Target Support Files/Pods-DeepForest-DeepForestUITests/Pods-DeepForest-DeepForestUITests-frameworks-${CONFIGURATION}-input-files.xcfilelist",
			);
			name = "[CP] Embed Pods Frameworks";
			outputFileListPaths = (
				"${PODS_ROOT}/Target Support Files/Pods-DeepForest-DeepForestUITests/Pods-DeepForest-DeepForestUITests-frameworks-${CONFIGURATION}-output-files.xcfilelist",
			);
			runOnlyForDeploymentPostprocessing = 0;
			shellPath = /bin/sh;
			shellScript = "\"${PODS_ROOT}/Target Support Files/Pods-DeepForest-DeepForestUITests/Pods-DeepForest-DeepForestUITests-frameworks.sh\"\n";
			showEnvVarsInLog = 0;
		};
		883528A41ED6F3116A8896F0 /* [CP] Check Pods Manifest.lock */ = {
			isa = PBXShellScriptBuildPhase;
			buildActionMask = 2147483647;
			files = (
			);
			inputFileListPaths = (
			);
			inputPaths = (
				"${PODS_PODFILE_DIR_PATH}/Podfile.lock",
				"${PODS_ROOT}/Manifest.lock",
			);
			name = "[CP] Check Pods Manifest.lock";
			outputFileListPaths = (
			);
			outputPaths = (
				"$(DERIVED_FILE_DIR)/Pods-DeepForestTests-checkManifestLockResult.txt",
			);
			runOnlyForDeploymentPostprocessing = 0;
			shellPath = /bin/sh;
			shellScript = "diff \"${PODS_PODFILE_DIR_PATH}/Podfile.lock\" \"${PODS_ROOT}/Manifest.lock\" > /dev/null\nif [ $? != 0 ] ; then\n    # print error to STDERR\n    echo \"error: The sandbox is not in sync with the Podfile.lock. Run 'pod install' or update your CocoaPods installation.\" >&2\n    exit 1\nfi\n# This output is used by Xcode 'outputs' to avoid re-running this script phase.\necho \"SUCCESS\" > \"${SCRIPT_OUTPUT_FILE_0}\"\n";
			showEnvVarsInLog = 0;
		};
/* End PBXShellScriptBuildPhase section */

/* Begin PBXSourcesBuildPhase section */
		7BF3FA36288EE1560072218E /* Sources */ = {
			isa = PBXSourcesBuildPhase;
			buildActionMask = 2147483647;
			files = (
				7BF3FA7B288EE37D0072218E /* CoordinatorFinishDelegate.swift in Sources */,
				7BF3FA78288EE34B0072218E /* Coordinator.swift in Sources */,
				7BF3FA7E288EE3FB0072218E /* CoordinatorType.swift in Sources */,
				7BF3FA42288EE1560072218E /* ViewController.swift in Sources */,
				7BF3FA3E288EE1560072218E /* AppDelegate.swift in Sources */,
				7BF3FA40288EE1560072218E /* SceneDelegate.swift in Sources */,
			);
			runOnlyForDeploymentPostprocessing = 0;
		};
		7BF3FA4C288EE1580072218E /* Sources */ = {
			isa = PBXSourcesBuildPhase;
			buildActionMask = 2147483647;
			files = (
				7BF3FA55288EE1580072218E /* DeepForestTests.swift in Sources */,
			);
			runOnlyForDeploymentPostprocessing = 0;
		};
		7BF3FA56288EE1580072218E /* Sources */ = {
			isa = PBXSourcesBuildPhase;
			buildActionMask = 2147483647;
			files = (
				7BF3FA5F288EE1580072218E /* DeepForestUITests.swift in Sources */,
				7BF3FA61288EE1580072218E /* DeepForestUITestsLaunchTests.swift in Sources */,
			);
			runOnlyForDeploymentPostprocessing = 0;
		};
/* End PBXSourcesBuildPhase section */

/* Begin PBXTargetDependency section */
		7BF3FA52288EE1580072218E /* PBXTargetDependency */ = {
			isa = PBXTargetDependency;
			target = 7BF3FA39288EE1560072218E /* DeepForest */;
			targetProxy = 7BF3FA51288EE1580072218E /* PBXContainerItemProxy */;
		};
		7BF3FA5C288EE1580072218E /* PBXTargetDependency */ = {
			isa = PBXTargetDependency;
			target = 7BF3FA39288EE1560072218E /* DeepForest */;
			targetProxy = 7BF3FA5B288EE1580072218E /* PBXContainerItemProxy */;
		};
/* End PBXTargetDependency section */

/* Begin PBXVariantGroup section */
		7BF3FA43288EE1560072218E /* Main.storyboard */ = {
			isa = PBXVariantGroup;
			children = (
				7BF3FA44288EE1560072218E /* Base */,
			);
			name = Main.storyboard;
			sourceTree = "<group>";
		};
		7BF3FA48288EE1580072218E /* LaunchScreen.storyboard */ = {
			isa = PBXVariantGroup;
			children = (
				7BF3FA49288EE1580072218E /* Base */,
			);
			name = LaunchScreen.storyboard;
			sourceTree = "<group>";
		};
/* End PBXVariantGroup section */

/* Begin XCBuildConfiguration section */
		7BF3FA62288EE1580072218E /* Debug */ = {
			isa = XCBuildConfiguration;
			buildSettings = {
				ALWAYS_SEARCH_USER_PATHS = NO;
				CLANG_ANALYZER_NONNULL = YES;
				CLANG_ANALYZER_NUMBER_OBJECT_CONVERSION = YES_AGGRESSIVE;
				CLANG_CXX_LANGUAGE_STANDARD = "gnu++17";
				CLANG_ENABLE_MODULES = YES;
				CLANG_ENABLE_OBJC_ARC = YES;
				CLANG_ENABLE_OBJC_WEAK = YES;
				CLANG_WARN_BLOCK_CAPTURE_AUTORELEASING = YES;
				CLANG_WARN_BOOL_CONVERSION = YES;
				CLANG_WARN_COMMA = YES;
				CLANG_WARN_CONSTANT_CONVERSION = YES;
				CLANG_WARN_DEPRECATED_OBJC_IMPLEMENTATIONS = YES;
				CLANG_WARN_DIRECT_OBJC_ISA_USAGE = YES_ERROR;
				CLANG_WARN_DOCUMENTATION_COMMENTS = YES;
				CLANG_WARN_EMPTY_BODY = YES;
				CLANG_WARN_ENUM_CONVERSION = YES;
				CLANG_WARN_INFINITE_RECURSION = YES;
				CLANG_WARN_INT_CONVERSION = YES;
				CLANG_WARN_NON_LITERAL_NULL_CONVERSION = YES;
				CLANG_WARN_OBJC_IMPLICIT_RETAIN_SELF = YES;
				CLANG_WARN_OBJC_LITERAL_CONVERSION = YES;
				CLANG_WARN_OBJC_ROOT_CLASS = YES_ERROR;
				CLANG_WARN_QUOTED_INCLUDE_IN_FRAMEWORK_HEADER = YES;
				CLANG_WARN_RANGE_LOOP_ANALYSIS = YES;
				CLANG_WARN_STRICT_PROTOTYPES = YES;
				CLANG_WARN_SUSPICIOUS_MOVE = YES;
				CLANG_WARN_UNGUARDED_AVAILABILITY = YES_AGGRESSIVE;
				CLANG_WARN_UNREACHABLE_CODE = YES;
				CLANG_WARN__DUPLICATE_METHOD_MATCH = YES;
				COPY_PHASE_STRIP = NO;
				DEBUG_INFORMATION_FORMAT = dwarf;
				ENABLE_STRICT_OBJC_MSGSEND = YES;
				ENABLE_TESTABILITY = YES;
				GCC_C_LANGUAGE_STANDARD = gnu11;
				GCC_DYNAMIC_NO_PIC = NO;
				GCC_NO_COMMON_BLOCKS = YES;
				GCC_OPTIMIZATION_LEVEL = 0;
				GCC_PREPROCESSOR_DEFINITIONS = (
					"DEBUG=1",
					"$(inherited)",
				);
				GCC_WARN_64_TO_32_BIT_CONVERSION = YES;
				GCC_WARN_ABOUT_RETURN_TYPE = YES_ERROR;
				GCC_WARN_UNDECLARED_SELECTOR = YES;
				GCC_WARN_UNINITIALIZED_AUTOS = YES_AGGRESSIVE;
				GCC_WARN_UNUSED_FUNCTION = YES;
				GCC_WARN_UNUSED_VARIABLE = YES;
				IPHONEOS_DEPLOYMENT_TARGET = 15.5;
				MTL_ENABLE_DEBUG_INFO = INCLUDE_SOURCE;
				MTL_FAST_MATH = YES;
				ONLY_ACTIVE_ARCH = YES;
				SDKROOT = iphoneos;
				SWIFT_ACTIVE_COMPILATION_CONDITIONS = DEBUG;
				SWIFT_OPTIMIZATION_LEVEL = "-Onone";
			};
			name = Debug;
		};
		7BF3FA63288EE1580072218E /* Release */ = {
			isa = XCBuildConfiguration;
			buildSettings = {
				ALWAYS_SEARCH_USER_PATHS = NO;
				CLANG_ANALYZER_NONNULL = YES;
				CLANG_ANALYZER_NUMBER_OBJECT_CONVERSION = YES_AGGRESSIVE;
				CLANG_CXX_LANGUAGE_STANDARD = "gnu++17";
				CLANG_ENABLE_MODULES = YES;
				CLANG_ENABLE_OBJC_ARC = YES;
				CLANG_ENABLE_OBJC_WEAK = YES;
				CLANG_WARN_BLOCK_CAPTURE_AUTORELEASING = YES;
				CLANG_WARN_BOOL_CONVERSION = YES;
				CLANG_WARN_COMMA = YES;
				CLANG_WARN_CONSTANT_CONVERSION = YES;
				CLANG_WARN_DEPRECATED_OBJC_IMPLEMENTATIONS = YES;
				CLANG_WARN_DIRECT_OBJC_ISA_USAGE = YES_ERROR;
				CLANG_WARN_DOCUMENTATION_COMMENTS = YES;
				CLANG_WARN_EMPTY_BODY = YES;
				CLANG_WARN_ENUM_CONVERSION = YES;
				CLANG_WARN_INFINITE_RECURSION = YES;
				CLANG_WARN_INT_CONVERSION = YES;
				CLANG_WARN_NON_LITERAL_NULL_CONVERSION = YES;
				CLANG_WARN_OBJC_IMPLICIT_RETAIN_SELF = YES;
				CLANG_WARN_OBJC_LITERAL_CONVERSION = YES;
				CLANG_WARN_OBJC_ROOT_CLASS = YES_ERROR;
				CLANG_WARN_QUOTED_INCLUDE_IN_FRAMEWORK_HEADER = YES;
				CLANG_WARN_RANGE_LOOP_ANALYSIS = YES;
				CLANG_WARN_STRICT_PROTOTYPES = YES;
				CLANG_WARN_SUSPICIOUS_MOVE = YES;
				CLANG_WARN_UNGUARDED_AVAILABILITY = YES_AGGRESSIVE;
				CLANG_WARN_UNREACHABLE_CODE = YES;
				CLANG_WARN__DUPLICATE_METHOD_MATCH = YES;
				COPY_PHASE_STRIP = NO;
				DEBUG_INFORMATION_FORMAT = "dwarf-with-dsym";
				ENABLE_NS_ASSERTIONS = NO;
				ENABLE_STRICT_OBJC_MSGSEND = YES;
				GCC_C_LANGUAGE_STANDARD = gnu11;
				GCC_NO_COMMON_BLOCKS = YES;
				GCC_WARN_64_TO_32_BIT_CONVERSION = YES;
				GCC_WARN_ABOUT_RETURN_TYPE = YES_ERROR;
				GCC_WARN_UNDECLARED_SELECTOR = YES;
				GCC_WARN_UNINITIALIZED_AUTOS = YES_AGGRESSIVE;
				GCC_WARN_UNUSED_FUNCTION = YES;
				GCC_WARN_UNUSED_VARIABLE = YES;
				IPHONEOS_DEPLOYMENT_TARGET = 15.5;
				MTL_ENABLE_DEBUG_INFO = NO;
				MTL_FAST_MATH = YES;
				SDKROOT = iphoneos;
				SWIFT_COMPILATION_MODE = wholemodule;
				SWIFT_OPTIMIZATION_LEVEL = "-O";
				VALIDATE_PRODUCT = YES;
			};
			name = Release;
		};
		7BF3FA65288EE1580072218E /* Debug */ = {
			isa = XCBuildConfiguration;
			baseConfigurationReference = EEEF1FC71714DAF05ECB2401 /* Pods-DeepForest.debug.xcconfig */;
			buildSettings = {
				ASSETCATALOG_COMPILER_APPICON_NAME = AppIcon;
				ASSETCATALOG_COMPILER_GLOBAL_ACCENT_COLOR_NAME = AccentColor;
				CODE_SIGN_STYLE = Automatic;
				CURRENT_PROJECT_VERSION = 1;
				DEVELOPMENT_TEAM = QA36XKL5W8;
				GENERATE_INFOPLIST_FILE = YES;
				INFOPLIST_FILE = DeepForest/Info.plist;
				INFOPLIST_KEY_UIApplicationSupportsIndirectInputEvents = YES;
				INFOPLIST_KEY_UILaunchStoryboardName = LaunchScreen;
				INFOPLIST_KEY_UIMainStoryboardFile = Main;
				INFOPLIST_KEY_UISupportedInterfaceOrientations_iPad = "UIInterfaceOrientationPortrait UIInterfaceOrientationPortraitUpsideDown UIInterfaceOrientationLandscapeLeft UIInterfaceOrientationLandscapeRight";
				INFOPLIST_KEY_UISupportedInterfaceOrientations_iPhone = "UIInterfaceOrientationPortrait UIInterfaceOrientationLandscapeLeft UIInterfaceOrientationLandscapeRight";
				LD_RUNPATH_SEARCH_PATHS = (
					"$(inherited)",
					"@executable_path/Frameworks",
				);
				MARKETING_VERSION = 1.0;
				PRODUCT_BUNDLE_IDENTIFIER = "study-only.DeepForest";
				PRODUCT_NAME = "$(TARGET_NAME)";
				SWIFT_EMIT_LOC_STRINGS = YES;
				SWIFT_VERSION = 5.0;
				TARGETED_DEVICE_FAMILY = "1,2";
			};
			name = Debug;
		};
		7BF3FA66288EE1580072218E /* Release */ = {
			isa = XCBuildConfiguration;
			baseConfigurationReference = 9497D2946D01BE01A6C9B80A /* Pods-DeepForest.release.xcconfig */;
			buildSettings = {
				ASSETCATALOG_COMPILER_APPICON_NAME = AppIcon;
				ASSETCATALOG_COMPILER_GLOBAL_ACCENT_COLOR_NAME = AccentColor;
				CODE_SIGN_STYLE = Automatic;
				CURRENT_PROJECT_VERSION = 1;
				DEVELOPMENT_TEAM = QA36XKL5W8;
				GENERATE_INFOPLIST_FILE = YES;
				INFOPLIST_FILE = DeepForest/Info.plist;
				INFOPLIST_KEY_UIApplicationSupportsIndirectInputEvents = YES;
				INFOPLIST_KEY_UILaunchStoryboardName = LaunchScreen;
				INFOPLIST_KEY_UIMainStoryboardFile = Main;
				INFOPLIST_KEY_UISupportedInterfaceOrientations_iPad = "UIInterfaceOrientationPortrait UIInterfaceOrientationPortraitUpsideDown UIInterfaceOrientationLandscapeLeft UIInterfaceOrientationLandscapeRight";
				INFOPLIST_KEY_UISupportedInterfaceOrientations_iPhone = "UIInterfaceOrientationPortrait UIInterfaceOrientationLandscapeLeft UIInterfaceOrientationLandscapeRight";
				LD_RUNPATH_SEARCH_PATHS = (
					"$(inherited)",
					"@executable_path/Frameworks",
				);
				MARKETING_VERSION = 1.0;
				PRODUCT_BUNDLE_IDENTIFIER = "study-only.DeepForest";
				PRODUCT_NAME = "$(TARGET_NAME)";
				SWIFT_EMIT_LOC_STRINGS = YES;
				SWIFT_VERSION = 5.0;
				TARGETED_DEVICE_FAMILY = "1,2";
			};
			name = Release;
		};
		7BF3FA68288EE1580072218E /* Debug */ = {
			isa = XCBuildConfiguration;
			baseConfigurationReference = 8C3B43745C245CC6B4FBE927 /* Pods-DeepForestTests.debug.xcconfig */;
			buildSettings = {
				ALWAYS_EMBED_SWIFT_STANDARD_LIBRARIES = YES;
				BUNDLE_LOADER = "$(TEST_HOST)";
				CODE_SIGN_STYLE = Automatic;
				CURRENT_PROJECT_VERSION = 1;
				DEVELOPMENT_TEAM = QA36XKL5W8;
				GENERATE_INFOPLIST_FILE = YES;
				IPHONEOS_DEPLOYMENT_TARGET = 15.5;
				MARKETING_VERSION = 1.0;
				PRODUCT_BUNDLE_IDENTIFIER = "study-only.DeepForestTests";
				PRODUCT_NAME = "$(TARGET_NAME)";
				SWIFT_EMIT_LOC_STRINGS = NO;
				SWIFT_VERSION = 5.0;
				TARGETED_DEVICE_FAMILY = "1,2";
				TEST_HOST = "$(BUILT_PRODUCTS_DIR)/DeepForest.app/DeepForest";
			};
			name = Debug;
		};
		7BF3FA69288EE1580072218E /* Release */ = {
			isa = XCBuildConfiguration;
			baseConfigurationReference = 56FC498921E52F4172D1E747 /* Pods-DeepForestTests.release.xcconfig */;
			buildSettings = {
				ALWAYS_EMBED_SWIFT_STANDARD_LIBRARIES = YES;
				BUNDLE_LOADER = "$(TEST_HOST)";
				CODE_SIGN_STYLE = Automatic;
				CURRENT_PROJECT_VERSION = 1;
				DEVELOPMENT_TEAM = QA36XKL5W8;
				GENERATE_INFOPLIST_FILE = YES;
				IPHONEOS_DEPLOYMENT_TARGET = 15.5;
				MARKETING_VERSION = 1.0;
				PRODUCT_BUNDLE_IDENTIFIER = "study-only.DeepForestTests";
				PRODUCT_NAME = "$(TARGET_NAME)";
				SWIFT_EMIT_LOC_STRINGS = NO;
				SWIFT_VERSION = 5.0;
				TARGETED_DEVICE_FAMILY = "1,2";
				TEST_HOST = "$(BUILT_PRODUCTS_DIR)/DeepForest.app/DeepForest";
			};
			name = Release;
		};
		7BF3FA6B288EE1580072218E /* Debug */ = {
			isa = XCBuildConfiguration;
			baseConfigurationReference = 01AB852EB336DE6DCD39B1E6 /* Pods-DeepForest-DeepForestUITests.debug.xcconfig */;
			buildSettings = {
				ALWAYS_EMBED_SWIFT_STANDARD_LIBRARIES = YES;
				CODE_SIGN_STYLE = Automatic;
				CURRENT_PROJECT_VERSION = 1;
				DEVELOPMENT_TEAM = QA36XKL5W8;
				GENERATE_INFOPLIST_FILE = YES;
				MARKETING_VERSION = 1.0;
				PRODUCT_BUNDLE_IDENTIFIER = "study-only.DeepForestUITests";
				PRODUCT_NAME = "$(TARGET_NAME)";
				SWIFT_EMIT_LOC_STRINGS = NO;
				SWIFT_VERSION = 5.0;
				TARGETED_DEVICE_FAMILY = "1,2";
				TEST_TARGET_NAME = DeepForest;
			};
			name = Debug;
		};
		7BF3FA6C288EE1580072218E /* Release */ = {
			isa = XCBuildConfiguration;
			baseConfigurationReference = A3C7E2DFC5C3049B68E1D661 /* Pods-DeepForest-DeepForestUITests.release.xcconfig */;
			buildSettings = {
				ALWAYS_EMBED_SWIFT_STANDARD_LIBRARIES = YES;
				CODE_SIGN_STYLE = Automatic;
				CURRENT_PROJECT_VERSION = 1;
				DEVELOPMENT_TEAM = QA36XKL5W8;
				GENERATE_INFOPLIST_FILE = YES;
				MARKETING_VERSION = 1.0;
				PRODUCT_BUNDLE_IDENTIFIER = "study-only.DeepForestUITests";
				PRODUCT_NAME = "$(TARGET_NAME)";
				SWIFT_EMIT_LOC_STRINGS = NO;
				SWIFT_VERSION = 5.0;
				TARGETED_DEVICE_FAMILY = "1,2";
				TEST_TARGET_NAME = DeepForest;
			};
			name = Release;
		};
/* End XCBuildConfiguration section */

/* Begin XCConfigurationList section */
		7BF3FA35288EE1560072218E /* Build configuration list for PBXProject "DeepForest" */ = {
			isa = XCConfigurationList;
			buildConfigurations = (
				7BF3FA62288EE1580072218E /* Debug */,
				7BF3FA63288EE1580072218E /* Release */,
			);
			defaultConfigurationIsVisible = 0;
			defaultConfigurationName = Release;
		};
		7BF3FA64288EE1580072218E /* Build configuration list for PBXNativeTarget "DeepForest" */ = {
			isa = XCConfigurationList;
			buildConfigurations = (
				7BF3FA65288EE1580072218E /* Debug */,
				7BF3FA66288EE1580072218E /* Release */,
			);
			defaultConfigurationIsVisible = 0;
			defaultConfigurationName = Release;
		};
		7BF3FA67288EE1580072218E /* Build configuration list for PBXNativeTarget "DeepForestTests" */ = {
			isa = XCConfigurationList;
			buildConfigurations = (
				7BF3FA68288EE1580072218E /* Debug */,
				7BF3FA69288EE1580072218E /* Release */,
			);
			defaultConfigurationIsVisible = 0;
			defaultConfigurationName = Release;
		};
		7BF3FA6A288EE1580072218E /* Build configuration list for PBXNativeTarget "DeepForestUITests" */ = {
			isa = XCConfigurationList;
			buildConfigurations = (
				7BF3FA6B288EE1580072218E /* Debug */,
				7BF3FA6C288EE1580072218E /* Release */,
			);
			defaultConfigurationIsVisible = 0;
			defaultConfigurationName = Release;
		};
/* End XCConfigurationList section */
	};
	rootObject = 7BF3FA32288EE1560072218E /* Project object */;
}
